
Microsoft Visual Studio Solution File, Format Version 12.00
# Visual Studio Version 17
VisualStudioVersion = 17.5.33530.505
MinimumVisualStudioVersion = 10.0.40219.1
Project("{FAE04EC0-301F-11D3-BF4B-00C04F79EFBC}") = "OOP_Projekt", "OOP_Projekt\OOP_Projekt.csproj", "{5231B615-6C2A-40F6-914B-810CAD622669}"
EndProject
Global
	GlobalSection(SolutionConfigurationPlatforms) = preSolution
		Debug|Any CPU = Debug|Any CPU
		Release|Any CPU = Release|Any CPU
	EndGlobalSection
	GlobalSection(ProjectConfigurationPlatforms) = postSolution
		{5231B615-6C2A-40F6-914B-810CAD622669}.Debug|Any CPU.ActiveCfg = Debug|Any CPU
		{5231B615-6C2A-40F6-914B-810CAD622669}.Debug|Any CPU.Build.0 = Debug|Any CPU
		{5231B615-6C2A-40F6-914B-810CAD622669}.Release|Any CPU.ActiveCfg = Release|Any CPU
		{5231B615-6C2A-40F6-914B-810CAD622669}.Release|Any CPU.Build.0 = Release|Any CPU
	EndGlobalSection
	GlobalSection(SolutionProperties) = preSolution
		HideSolutionNode = FALSE
	EndGlobalSection
	GlobalSection(ExtensibilityGlobals) = postSolution
		SolutionGuid = {9E60E6A3-9C82-48B6-A2B7-29D79FB3269A}
	EndGlobalSection
EndGlobal
